golang.org/x/time v0.5.0 h1:o7cqy6amK/52YcAKIPlM3a+Fpj35zvRj2TP+e1xFSfk=
golang.org/x/time v0.5.0/go.mod h1:3BpzKBy/shNhVucY/MWOyx10tF3SFh9QdLuxbVysPQM=
nhooyr.io/websocket v1.8.11 h1:f/qXNc2/3DpoSZkHt1DQu6rj4zGC8JmkkLkWss0MgN0=
nhooyr.io/websocket v1.8.11/go.mod h1:rN9OFWIUwuxg4fR5tELlYC04bXYowCP9GX47ivo2l+c=
taylz.io/maps v0.0.0-20240521181718-c52b5e918dfa h1:+1leKrMYmKtk/SSRqzyIY+gnZwaWnN1XGTxfUKaA0AU=
taylz.io/maps v0.0.0-20240521181718-c52b5e918dfa/go.mod h1:noFmbrD2Xp4FVTUxOtIv2jaqO+9CqHkyPxwJ7VtXmYY=
